
Microsoft Visual Studio Solution File, Format Version 12.00
# Visual Studio Version 16
VisualStudioVersion = 16.0.31515.178
MinimumVisualStudioVersion = 10.0.40219.1
Project("{FAE04EC0-301F-11D3-BF4B-00C04F79EFBC}") = "FaceBook_Automation_Demo", "FaceBook_Automation_Demo\FaceBook_Automation_Demo.csproj", "{6447DE9E-AFBA-4A6D-AE63-9BAEC7A5C09C}"
EndProject
Global
	GlobalSection(SolutionConfigurationPlatforms) = preSolution
		Debug|Any CPU = Debug|Any CPU
		Release|Any CPU = Release|Any CPU
	EndGlobalSection
	GlobalSection(ProjectConfigurationPlatforms) = postSolution
		{6447DE9E-AFBA-4A6D-AE63-9BAEC7A5C09C}.Debug|Any CPU.ActiveCfg = Debug|Any CPU
		{6447DE9E-AFBA-4A6D-AE63-9BAEC7A5C09C}.Debug|Any CPU.Build.0 = Debug|Any CPU
		{6447DE9E-AFBA-4A6D-AE63-9BAEC7A5C09C}.Release|Any CPU.ActiveCfg = Release|Any CPU
		{6447DE9E-AFBA-4A6D-AE63-9BAEC7A5C09C}.Release|Any CPU.Build.0 = Release|Any CPU
	EndGlobalSection
	GlobalSection(SolutionProperties) = preSolution
		HideSolutionNode = FALSE
	EndGlobalSection
	GlobalSection(ExtensibilityGlobals) = postSolution
		SolutionGuid = {04F8783C-E721-43B2-81FA-7273813AA404}
	EndGlobalSection
EndGlobal
